
Microsoft Visual Studio Solution File, Format Version 12.00
# Visual Studio Version 16
VisualStudioVersion = 16.0.29613.14
MinimumVisualStudioVersion = 10.0.40219.1
Project("{8BC9CEB8-8B4A-11D0-8D11-00A0C91BC942}") = "ChannelPointsPlugin", "ChannelPointsPlugin.vcxproj", "{684BBA1A-A4D4-4030-9D9E-74B6423391DC}"
EndProject
Global
	GlobalSection(SolutionConfigurationPlatforms) = preSolution
		Debug|x64 = Debug|x64
		Debug|x86 = Debug|x86
		Release|x64 = Release|x64
		Release|x86 = Release|x86
	EndGlobalSection
	GlobalSection(ProjectConfigurationPlatforms) = postSolution
		{684BBA1A-A4D4-4030-9D9E-74B6423391DC}.Debug|x64.ActiveCfg = Debug|x64
		{684BBA1A-A4D4-4030-9D9E-74B6423391DC}.Debug|x64.Build.0 = Debug|x64
		{684BBA1A-A4D4-4030-9D9E-74B6423391DC}.Debug|x86.ActiveCfg = Debug|Win32
		{684BBA1A-A4D4-4030-9D9E-74B6423391DC}.Debug|x86.Build.0 = Debug|Win32
		{684BBA1A-A4D4-4030-9D9E-74B6423391DC}.Release|x64.ActiveCfg = Release|x64
		{684BBA1A-A4D4-4030-9D9E-74B6423391DC}.Release|x64.Build.0 = Release|x64
		{684BBA1A-A4D4-4030-9D9E-74B6423391DC}.Release|x86.ActiveCfg = Release|Win32
		{684BBA1A-A4D4-4030-9D9E-74B6423391DC}.Release|x86.Build.0 = Release|Win32
	EndGlobalSection
	GlobalSection(SolutionProperties) = preSolution
		HideSolutionNode = FALSE
	EndGlobalSection
	GlobalSection(ExtensibilityGlobals) = postSolution
		SolutionGuid = {1FCB11FE-AD28-4635-B984-63E09459D59A}
	EndGlobalSection
EndGlobal
